{
  "nodes": {
    "root": {
      "inputs": {
        "app-flake-1": "app-flake-1",
        "service-flake-1": "service-flake-1",
        "upstream-flake-1": "upstream-flake-1"
      }
    },
    "app-flake-1": {
      "inputs": { "upstream-flake-2": "upstream-flake-2" },
      "locked": {
        "narHash": "sha256-app-sync",
        "path": "./app",
        "type": "path"
      },
      "original": { "path": "./app", "type": "path" }
    },
    "service-flake-1": {
      "inputs": { "upstream-flake-3": "upstream-flake-3" },
      "locked": {
        "narHash": "sha256-service-sync",
        "path": "./service",
        "type": "path"
      },
      "original": { "path": "./service", "type": "path" }
    },
    "upstream-flake-1": {
      "locked": { "narHash": "sha256-up1", "rev": "abc", "type": "github" },
      "original": { "type": "github" }
    },
    "upstream-flake-2": {
      "locked": { "narHash": "sha256-up2", "rev": "abc", "type": "github" },
      "original": { "type": "github" }
    },
    "upstream-flake-3": {
      "locked": { "narHash": "sha256-up3", "rev": "abc", "type": "github" },
      "original": { "type": "github" }
    }
  },
  "root": "root",
  "version": 7
}
