{
  "nodes": {
    "root": { "inputs": { "layer-flake-1": "layer-flake-1" } },
    "layer-flake-1": {
      "inputs": {},
      "locked": { "narHash": "sha256-layer-1", "path": "./layer-1", "type": "path" },
      "original": { "path": "./layer-1", "type": "path" }
    }
  },
  "root": "root",
  "version": 7
}
