{
  "nodes": {
    "flake-02": {
      "inputs": {},
      "locked": {
        "lastModified": 1786700000,
        "narHash": "sha256-DRIFT-flake-02",
        "path": "../flakes-node-01/flakes-node-02/flake-02",
        "type": "path"
      },
      "original": {
        "path": "../flakes-node-01/flakes-node-02/flake-02",
        "type": "path"
      }
    },
    "flake-20": {
      "inputs": {},
      "locked": {
        "lastModified": 1786700001,
        "narHash": "sha256-OM4mzg12ww7jAUXOsUq9+ZutUnxUWwSIBV4gqk2IGbE=",
        "path": "../flakes-node-01/flakes-node-02/flake-20",
        "type": "path"
      },
      "original": {
        "path": "../flakes-node-01/flakes-node-02/flake-20",
        "type": "path"
      }
    },
    "flake-09": {
      "inputs": {},
      "locked": {
        "lastModified": 1786700002,
        "narHash": "sha256-ASrfxBJf/n4SG9ugbgaC5dvMXr5PLF6pmKTlZoGUl4c=",
        "path": "../flakes-node-01/flakes-node-02/flake-09",
        "type": "path"
      },
      "original": {
        "path": "../flakes-node-01/flakes-node-02/flake-09",
        "type": "path"
      }
    },
    "flake-14": {
      "inputs": {},
      "locked": {
        "lastModified": 1786700003,
        "narHash": "sha256-kFcGTG5h5ntwlvM/qj4hFhwJVcTKD061LRKYr2lroaw=",
        "path": "../flakes-node-01/flakes-node-02/flake-14",
        "type": "path"
      },
      "original": {
        "path": "../flakes-node-01/flakes-node-02/flake-14",
        "type": "path"
      }
    },
    "flake-21": {
      "inputs": {},
      "locked": {
        "lastModified": 1786700004,
        "narHash": "sha256-Sgz0DW/y+5WwxFyPSr5A9VjgkIUc3izRfBJgStSBtZw=",
        "path": "../flakes-node-01/flakes-node-02/flake-21",
        "type": "path"
      },
      "original": {
        "path": "../flakes-node-01/flakes-node-02/flake-21",
        "type": "path"
      }
    },
    "flake-35": {
      "inputs": {},
      "locked": {
        "lastModified": 1786700005,
        "narHash": "sha256-vCaDHctP3Xu7EqEhlFWj8EHc55V8iRNYvhQX3CG9kkE=",
        "path": "../flakes-node-01/flakes-node-02/flake-03/flake-35",
        "type": "path"
      },
      "original": {
        "path": "../flakes-node-01/flakes-node-02/flake-03/flake-35",
        "type": "path"
      }
    },
    "flake-12": {
      "inputs": {},
      "locked": {
        "lastModified": 1786700006,
        "narHash": "sha256-SRz2SQuj6t1oUbDL6jsdSUiMTuxRrABF4TgjbOmTeqU=",
        "path": "../flakes-node-01/flakes-node-02/flake-12",
        "type": "path"
      },
      "original": {
        "path": "../flakes-node-01/flakes-node-02/flake-12",
        "type": "path"
      }
    },
    "flake-06": {
      "inputs": {},
      "locked": {
        "lastModified": 1786700007,
        "narHash": "sha256-HnR6PAXZYlBVMvQqSUlxrhOv/3u0Q1K7eXC4NCa50uU=",
        "path": "../flakes-node-01/flakes-node-02/flake-06",
        "type": "path"
      },
      "original": {
        "path": "../flakes-node-01/flakes-node-02/flake-06",
        "type": "path"
      }
    },
    "flake-11": {
      "inputs": {},
      "locked": {
        "lastModified": 1786700008,
        "narHash": "sha256-8E6eq90OeGPfS0rmr488cSMXn4B2bBjMIsiMo/y9SwQ=",
        "path": "../flakes-node-01/flakes-node-02/flake-11",
        "type": "path"
      },
      "original": {
        "path": "../flakes-node-01/flakes-node-02/flake-11",
        "type": "path"
      }
    },
    "flake-08": {
      "inputs": {},
      "locked": {
        "lastModified": 1786700009,
        "narHash": "sha256-pU0PFJ27fEnsDw/8LyY3vv3r5jKJ3i3O8g3PsGAs1RM=",
        "path": "../flakes-node-01/flakes-node-02/flake-08",
        "type": "path"
      },
      "original": {
        "path": "../flakes-node-01/flakes-node-02/flake-08",
        "type": "path"
      }
    },
    "flake-34": {
      "inputs": {},
      "locked": {
        "lastModified": 1786700010,
        "narHash": "sha256-EUfWQOkNdu7OGmHw/mtk6n447FDZCpvqUwftM5swmuc=",
        "path": "../flakes-node-01/flakes-node-02/flake-03/flake-34",
        "type": "path"
      },
      "original": {
        "path": "../flakes-node-01/flakes-node-02/flake-03/flake-34",
        "type": "path"
      }
    },
    "flake-04": {
      "inputs": {},
      "locked": {
        "lastModified": 1786700011,
        "narHash": "sha256-DRIFT-flake-04",
        "path": "../flakes-node-01/flakes-node-02/flake-04",
        "type": "path"
      },
      "original": {
        "path": "../flakes-node-01/flakes-node-02/flake-04",
        "type": "path"
      }
    },
    "flake-13": {
      "inputs": {},
      "locked": {
        "lastModified": 1786700012,
        "narHash": "sha256-OzLYW2Dl+iN7ShX+YHU9tePh5yOvZKMk562tLtQkrkM=",
        "path": "../flakes-node-01/flakes-node-02/flake-13",
        "type": "path"
      },
      "original": {
        "path": "../flakes-node-01/flakes-node-02/flake-13",
        "type": "path"
      }
    },
    "flake-39": {
      "inputs": {},
      "locked": {
        "lastModified": 1786700013,
        "narHash": "sha256-ZMlZzOxMdmESLjFESwxY/JRLMVxSCMvX98doawaBmMw=",
        "path": "../flakes-node-01/flakes-node-02/flakes-node-04/flake-39",
        "type": "path"
      },
      "original": {
        "path": "../flakes-node-01/flakes-node-02/flakes-node-04/flake-39",
        "type": "path"
      }
    },
    "flake-58": {
      "inputs": {},
      "locked": {
        "lastModified": 1786700014,
        "narHash": "sha256-cWA8PI+SfjoEu7y0Twf2vmMY/3Wa0/Gjb5iigwOdPRo=",
        "path": "../flakes-node-01/flakes-node-02/flakes-node-04/flakes-node-05/flake-58",
        "type": "path"
      },
      "original": {
        "path": "../flakes-node-01/flakes-node-02/flakes-node-04/flakes-node-05/flake-58",
        "type": "path"
      }
    },
    "flake-37": {
      "inputs": {},
      "locked": {
        "lastModified": 1786700015,
        "narHash": "sha256-oJWwYiBJKGHdwMxn22VM0t4edYEapnId/hS7PfJgXec=",
        "path": "../flakes-node-01/flakes-node-02/flakes-node-04/flake-37",
        "type": "path"
      },
      "original": {
        "path": "../flakes-node-01/flakes-node-02/flakes-node-04/flake-37",
        "type": "path"
      }
    },
    "flake-38": {
      "inputs": {},
      "locked": {
        "lastModified": 1786700016,
        "narHash": "sha256-YFB+bW9fn9abLvJEXWCrBjtzSKJd/amJZllx664AEWk=",
        "path": "../flakes-node-01/flakes-node-02/flakes-node-04/flake-38",
        "type": "path"
      },
      "original": {
        "path": "../flakes-node-01/flakes-node-02/flakes-node-04/flake-38",
        "type": "path"
      }
    },
    "flake-10": {
      "inputs": {},
      "locked": {
        "lastModified": 1786700017,
        "narHash": "sha256-o6QYadnVE9yOd9f6XnIbAaSqWj+NvrsZC1bJyPyCtRs=",
        "path": "../flakes-node-01/flakes-node-02/flake-10",
        "type": "path"
      },
      "original": {
        "path": "../flakes-node-01/flakes-node-02/flake-10",
        "type": "path"
      }
    },
    "flake-19": {
      "inputs": {},
      "locked": {
        "lastModified": 1786700018,
        "narHash": "sha256-FXhSv2rOMc3IPIKcRYy2SWJ0iszlLcDy+O3Ccr1fr9Q=",
        "path": "../flakes-node-01/flakes-node-02/flake-19",
        "type": "path"
      },
      "original": {
        "path": "../flakes-node-01/flakes-node-02/flake-19",
        "type": "path"
      }
    },
    "flake-15": {
      "inputs": {},
      "locked": {
        "lastModified": 1786700019,
        "narHash": "sha256-Qwd118iy8WwCxUFaCYdC27vI+L8ayijoLFnIc1muu1M=",
        "path": "../flakes-node-01/flakes-node-02/flake-15",
        "type": "path"
      },
      "original": {
        "path": "../flakes-node-01/flakes-node-02/flake-15",
        "type": "path"
      }
    },
    "flake-16": {
      "inputs": {},
      "locked": {
        "lastModified": 1786700020,
        "narHash": "sha256-c15QsJBPm0D++cYwmvxkILj31yF62WTu2gLBDSiLSXE=",
        "path": "../flakes-node-01/flakes-node-02/flake-16",
        "type": "path"
      },
      "original": {
        "path": "../flakes-node-01/flakes-node-02/flake-16",
        "type": "path"
      }
    },
    "flake-25": {
      "inputs": {},
      "locked": {
        "lastModified": 1786700021,
        "narHash": "sha256-Qb8TbwPe8c56skT3EzY5mRicunT2SX8Fosct6tacCX8=",
        "path": "../flakes-node-01/flakes-node-15/flake-25",
        "type": "path"
      },
      "original": {
        "path": "../flakes-node-01/flakes-node-15/flake-25",
        "type": "path"
      }
    },
    "flake-31": {
      "inputs": {},
      "locked": {
        "lastModified": 1786700022,
        "narHash": "sha256-OzVxc9ttedzmPNH59ZKQZ4UU4gbU+VE9AE9eoQP0+Qc=",
        "path": "../flakes-node-01/flakes-node-15/flake-31",
        "type": "path"
      },
      "original": {
        "path": "../flakes-node-01/flakes-node-15/flake-31",
        "type": "path"
      }
    },
    "flake-23": {
      "inputs": {},
      "locked": {
        "lastModified": 1786700023,
        "narHash": "sha256-SdB1Z3zjjwQpovZwiZ+3lWBwJokYTNPNiii9ZLT8Hvc=",
        "path": "../flakes-node-01/flakes-node-15/flake-23",
        "type": "path"
      },
      "original": {
        "path": "../flakes-node-01/flakes-node-15/flake-23",
        "type": "path"
      }
    },
    "flake-26": {
      "inputs": {},
      "locked": {
        "lastModified": 1786700024,
        "narHash": "sha256-l5ySdunst9vBlBNwGnigCaacbCmGjygF065agKzBxNs=",
        "path": "../flakes-node-01/flakes-node-15/flake-26",
        "type": "path"
      },
      "original": {
        "path": "../flakes-node-01/flakes-node-15/flake-26",
        "type": "path"
      }
    },
    "flake-27": {
      "inputs": {},
      "locked": {
        "lastModified": 1786700025,
        "narHash": "sha256-AG1B4UV7n4Yt2gpMM40LtiJh8+f2e32coSRGtFHZhEU=",
        "path": "../flakes-node-01/flakes-node-15/flake-27",
        "type": "path"
      },
      "original": {
        "path": "../flakes-node-01/flakes-node-15/flake-27",
        "type": "path"
      }
    },
    "flake-29": {
      "inputs": {},
      "locked": {
        "lastModified": 1786700026,
        "narHash": "sha256-8zVrvo0NzvYfRMbzfFF0Irjb6H+oTboYLIS+q0ybmdE=",
        "path": "../flakes-node-01/flakes-node-15/flake-29",
        "type": "path"
      },
      "original": {
        "path": "../flakes-node-01/flakes-node-15/flake-29",
        "type": "path"
      }
    },
    "flake-28": {
      "inputs": {},
      "locked": {
        "lastModified": 1786700027,
        "narHash": "sha256-pNkOfwf0VIDeb7KfkWyaDprjZXrbcmj4ZRKmgMeKzmY=",
        "path": "../flakes-node-01/flakes-node-15/flake-28",
        "type": "path"
      },
      "original": {
        "path": "../flakes-node-01/flakes-node-15/flake-28",
        "type": "path"
      }
    },
    "flake-30": {
      "inputs": {},
      "locked": {
        "lastModified": 1786700028,
        "narHash": "sha256-UFVC5sc28O/VtmIpki2eYdYO+XuQb4K2t/u/txsTim0=",
        "path": "../flakes-node-01/flakes-node-15/flake-30",
        "type": "path"
      },
      "original": {
        "path": "../flakes-node-01/flakes-node-15/flake-30",
        "type": "path"
      }
    },
    "flake-22": {
      "inputs": {},
      "locked": {
        "lastModified": 1786700029,
        "narHash": "sha256-ilUrEApEgTvjQghUh3fBJ70Wnge6kiM/gQuF4yUAnuw=",
        "path": "../flakes-node-01/flakes-node-15/flake-22",
        "type": "path"
      },
      "original": {
        "path": "../flakes-node-01/flakes-node-15/flake-22",
        "type": "path"
      }
    },
    "flake-07": {
      "inputs": {},
      "locked": {
        "lastModified": 1786700030,
        "narHash": "sha256-qzr+Y5R8ptXNo3PY8oag69rAnYgT28V3mIS25cYsktU=",
        "path": "../flakes-node-01/flakes-node-02/flake-07",
        "type": "path"
      },
      "original": {
        "path": "../flakes-node-01/flakes-node-02/flake-07",
        "type": "path"
      }
    },
    "flake-44": {
      "inputs": {},
      "locked": {
        "lastModified": 1786700031,
        "narHash": "sha256-g6s1bw0R8htUgg0v0OOMuO4qIpkmsLT3yBt91ZQrq1s=",
        "path": "../flakes-node-01/flakes-node-02/flakes-node-07/flake-44",
        "type": "path"
      },
      "original": {
        "path": "../flakes-node-01/flakes-node-02/flakes-node-07/flake-44",
        "type": "path"
      }
    },
    "flake-43": {
      "inputs": {},
      "locked": {
        "lastModified": 1786700032,
        "narHash": "sha256-b8H0VyZeY6f4Oyda27eJd+v51S2cuGvwHDDYfu4MrOc=",
        "path": "../flakes-node-01/flakes-node-02/flakes-node-07/flake-43",
        "type": "path"
      },
      "original": {
        "path": "../flakes-node-01/flakes-node-02/flakes-node-07/flake-43",
        "type": "path"
      }
    },
    "flake-41": {
      "inputs": {},
      "locked": {
        "lastModified": 1786700033,
        "narHash": "sha256-HWTWO1eYvELgX9arfvppSdZA4kM4VIf86XHcdgRaeAo=",
        "path": "../flakes-node-01/flakes-node-02/flakes-node-07/flake-41",
        "type": "path"
      },
      "original": {
        "path": "../flakes-node-01/flakes-node-02/flakes-node-07/flake-41",
        "type": "path"
      }
    },
    "flake-45": {
      "inputs": {},
      "locked": {
        "lastModified": 1786700034,
        "narHash": "sha256-HeGyTk+5M0DLouPJK0MiWzg1PogydIWQf9XXtSIT9jw=",
        "path": "../flakes-node-01/flakes-node-02/flakes-node-07/flake-45",
        "type": "path"
      },
      "original": {
        "path": "../flakes-node-01/flakes-node-02/flakes-node-07/flake-45",
        "type": "path"
      }
    },
    "flake-42": {
      "inputs": {},
      "locked": {
        "lastModified": 1786700035,
        "narHash": "sha256-UDbuVjJOOfTHrppQIxm0oblufd234HllmJK34+RAqEo=",
        "path": "../flakes-node-01/flakes-node-02/flakes-node-07/flake-42",
        "type": "path"
      },
      "original": {
        "path": "../flakes-node-01/flakes-node-02/flakes-node-07/flake-42",
        "type": "path"
      }
    },
    "flake-52": {
      "inputs": {},
      "locked": {
        "lastModified": 1786700036,
        "narHash": "sha256-c1jwkkrbgmewCLBkrdMcekxOlzV8BHYrO4OZs5JpYH0=",
        "path": "../flakes-node-01/flakes-node-02/flakes-node-13/flake-52",
        "type": "path"
      },
      "original": {
        "path": "../flakes-node-01/flakes-node-02/flakes-node-13/flake-52",
        "type": "path"
      }
    },
    "flake-51": {
      "inputs": {},
      "locked": {
        "lastModified": 1786700037,
        "narHash": "sha256-w34lmnqQ60QBbjo5zb+7nX653MTGL5/FlnDlfFOm2u0=",
        "path": "../flakes-node-01/flakes-node-02/flakes-node-12/flake-51",
        "type": "path"
      },
      "original": {
        "path": "../flakes-node-01/flakes-node-02/flakes-node-12/flake-51",
        "type": "path"
      }
    },
    "flake-48": {
      "inputs": {},
      "locked": {
        "lastModified": 1786700038,
        "narHash": "sha256-BLFxdHIMPxnIDHgBFqVnDS8krylJDt7zHJMXB18IQUc=",
        "path": "../flakes-node-01/flakes-node-02/flakes-node-09/flake-48",
        "type": "path"
      },
      "original": {
        "path": "../flakes-node-01/flakes-node-02/flakes-node-09/flake-48",
        "type": "path"
      }
    },
    "flake-47": {
      "inputs": {},
      "locked": {
        "lastModified": 1786700039,
        "narHash": "sha256-UHgbuSIyRj/c/pBcGCHtZ4D6qVuyhfVPVF3Wwyo5sn8=",
        "path": "../flakes-node-01/flakes-node-02/flakes-node-09/flake-47",
        "type": "path"
      },
      "original": {
        "path": "../flakes-node-01/flakes-node-02/flakes-node-09/flake-47",
        "type": "path"
      }
    },
    "flake-50": {
      "inputs": {},
      "locked": {
        "lastModified": 1786700040,
        "narHash": "sha256-nh+dN3WCpjYT9Knmr8sL2mvVq+hO68ekrxFBbnGXZ8g=",
        "path": "../flakes-node-01/flakes-node-02/flakes-node-11/flake-50",
        "type": "path"
      },
      "original": {
        "path": "../flakes-node-01/flakes-node-02/flakes-node-11/flake-50",
        "type": "path"
      }
    },
    "flake-46": {
      "inputs": {},
      "locked": {
        "lastModified": 1786700041,
        "narHash": "sha256-badn1G1Drz2rQqNheb0/Zg6j7k3kbqS+8S3ToyDWlyk=",
        "path": "../flakes-node-01/flakes-node-02/flakes-node-08/flake-46",
        "type": "path"
      },
      "original": {
        "path": "../flakes-node-01/flakes-node-02/flakes-node-08/flake-46",
        "type": "path"
      }
    },
    "flake-36": {
      "inputs": {},
      "locked": {
        "lastModified": 1786700042,
        "narHash": "sha256-uPu9eUInEhpb8aZlRMfzvkKHe60LLSlmBUE8B14vM8w=",
        "path": "../flakes-node-01/flakes-node-02/flakes-node-03/flake-36",
        "type": "path"
      },
      "original": {
        "path": "../flakes-node-01/flakes-node-02/flakes-node-03/flake-36",
        "type": "path"
      }
    },
    "flake-57": {
      "inputs": {},
      "locked": {
        "lastModified": 1786700043,
        "narHash": "sha256-9OO4xiZU1vKkC01XQI8rTbaT1EOxf6hnCPAevPeA8hA=",
        "path": "../flakes-node-01/flakes-node-02/flakes-node-14/flake-57",
        "type": "path"
      },
      "original": {
        "path": "../flakes-node-01/flakes-node-02/flakes-node-14/flake-57",
        "type": "path"
      }
    },
    "flake-56": {
      "inputs": {},
      "locked": {
        "lastModified": 1786700044,
        "narHash": "sha256-V/iuZioBe6DZFgWNVcwTe5WdghcnnkfOX7wpEa5I6Ec=",
        "path": "../flakes-node-01/flakes-node-02/flakes-node-14/flake-56",
        "type": "path"
      },
      "original": {
        "path": "../flakes-node-01/flakes-node-02/flakes-node-14/flake-56",
        "type": "path"
      }
    },
    "flake-53": {
      "inputs": {},
      "locked": {
        "lastModified": 1786700045,
        "narHash": "sha256-5u8q5gsd0cTiMVTI7rpFB+YbL37JA8IVmjmUoqUZWkU=",
        "path": "../flakes-node-01/flakes-node-02/flakes-node-14/flake-53",
        "type": "path"
      },
      "original": {
        "path": "../flakes-node-01/flakes-node-02/flakes-node-14/flake-53",
        "type": "path"
      }
    },
    "flake-54": {
      "inputs": {},
      "locked": {
        "lastModified": 1786700046,
        "narHash": "sha256-Oj/R2/HXJLLqQB4SXq2y46iDLb5fLXH7CsHr9ndJxW4=",
        "path": "../flakes-node-01/flakes-node-02/flakes-node-14/flake-54",
        "type": "path"
      },
      "original": {
        "path": "../flakes-node-01/flakes-node-02/flakes-node-14/flake-54",
        "type": "path"
      }
    },
    "flake-55": {
      "inputs": {},
      "locked": {
        "lastModified": 1786700047,
        "narHash": "sha256-LHMwska82z5XO1i2o7c8ACJ/H+3l96Aj1PQ3RRmm86Q=",
        "path": "../flakes-node-01/flakes-node-02/flakes-node-14/flake-55",
        "type": "path"
      },
      "original": {
        "path": "../flakes-node-01/flakes-node-02/flakes-node-14/flake-55",
        "type": "path"
      }
    },
    "flake-49": {
      "inputs": {},
      "locked": {
        "lastModified": 1786700048,
        "narHash": "sha256-OuTYpfbwPubOFvik111Iuf7jdR2InWy7zO3nhqcT63o=",
        "path": "../flakes-node-01/flakes-node-02/flakes-node-10/flake-49",
        "type": "path"
      },
      "original": {
        "path": "../flakes-node-01/flakes-node-02/flakes-node-10/flake-49",
        "type": "path"
      }
    },
    "flake-40": {
      "inputs": {},
      "locked": {
        "lastModified": 1786700049,
        "narHash": "sha256-iBqxDaX8Bp0LIu0OZnJYK++H8w+ziiaP6XUjK4vqW8c=",
        "path": "../flakes-node-01/flakes-node-02/flakes-node-06/flake-40",
        "type": "path"
      },
      "original": {
        "path": "../flakes-node-01/flakes-node-02/flakes-node-06/flake-40",
        "type": "path"
      }
    },
    "flake-05": {
      "inputs": {},
      "locked": {
        "lastModified": 1786700050,
        "narHash": "sha256-j03r0wn6LO2cohvGR04SgSd2JEyQbaNfh8ZVNAnvMOg=",
        "path": "../flakes-node-01/flakes-node-02/flake-05",
        "type": "path"
      },
      "original": {
        "path": "../flakes-node-01/flakes-node-02/flake-05",
        "type": "path"
      }
    },
    "flake-17": {
      "inputs": {},
      "locked": {
        "lastModified": 1786700051,
        "narHash": "sha256-3uy4fWPnErxjqSxOUWITjpkBqBI7K6t9uW1BK6E8+4s=",
        "path": "../flakes-node-01/flakes-node-02/flake-17",
        "type": "path"
      },
      "original": {
        "path": "../flakes-node-01/flakes-node-02/flake-17",
        "type": "path"
      }
    },
    "flake-24": {
      "inputs": {},
      "locked": {
        "lastModified": 1786700052,
        "narHash": "sha256-49A0kypDY0Eg7xqy0E5tbA7aOqs6r+c8db51b1emo54=",
        "path": "../flakes-node-01/flakes-node-15/flake-24",
        "type": "path"
      },
      "original": {
        "path": "../flakes-node-01/flakes-node-15/flake-24",
        "type": "path"
      }
    },
    "flake-18": {
      "inputs": {},
      "locked": {
        "lastModified": 1786700053,
        "narHash": "sha256-KHybRa+2Ui/IVT6cePphXoRYSi6MQTP0uFKxW6lw+D0=",
        "path": "../flakes-node-01/flakes-node-02/flake-18",
        "type": "path"
      },
      "original": {
        "path": "../flakes-node-01/flakes-node-02/flake-18",
        "type": "path"
      }
    },
    "flake-32": {
      "inputs": {},
      "locked": {
        "lastModified": 1786700054,
        "narHash": "sha256-zthPn/i31DdCg6BjyIZJT50CMYtay0dtaEokv4ktseg=",
        "path": "../flakes-node-01/flakes-node-02/flake-03/flake-32",
        "type": "path"
      },
      "original": {
        "path": "../flakes-node-01/flakes-node-02/flake-03/flake-32",
        "type": "path"
      }
    },
    "flake-33": {
      "inputs": {},
      "locked": {
        "lastModified": 1786700055,
        "narHash": "sha256-A67ym5/Va0A5wzKWN1y/wFOJI7plpS/hc/1hDrCyIoM=",
        "path": "../flakes-node-01/flakes-node-02/flake-03/flake-33",
        "type": "path"
      },
      "original": {
        "path": "../flakes-node-01/flakes-node-02/flake-03/flake-33",
        "type": "path"
      }
    },
    "root": {
      "inputs": {
        "flake-02": "flake-02",
        "flake-20": "flake-20",
        "flake-09": "flake-09",
        "flake-14": "flake-14",
        "flake-21": "flake-21",
        "flake-35": "flake-35",
        "flake-12": "flake-12",
        "flake-06": "flake-06",
        "flake-11": "flake-11",
        "flake-08": "flake-08",
        "flake-34": "flake-34",
        "flake-04": "flake-04",
        "flake-13": "flake-13",
        "flake-39": "flake-39",
        "flake-58": "flake-58",
        "flake-37": "flake-37",
        "flake-38": "flake-38",
        "flake-10": "flake-10",
        "flake-19": "flake-19",
        "flake-15": "flake-15",
        "flake-16": "flake-16",
        "flake-25": "flake-25",
        "flake-31": "flake-31",
        "flake-23": "flake-23",
        "flake-26": "flake-26",
        "flake-27": "flake-27",
        "flake-29": "flake-29",
        "flake-28": "flake-28",
        "flake-30": "flake-30",
        "flake-22": "flake-22",
        "flake-07": "flake-07",
        "flake-44": "flake-44",
        "flake-43": "flake-43",
        "flake-41": "flake-41",
        "flake-45": "flake-45",
        "flake-42": "flake-42",
        "flake-52": "flake-52",
        "flake-51": "flake-51",
        "flake-48": "flake-48",
        "flake-47": "flake-47",
        "flake-50": "flake-50",
        "flake-46": "flake-46",
        "flake-36": "flake-36",
        "flake-57": "flake-57",
        "flake-56": "flake-56",
        "flake-53": "flake-53",
        "flake-54": "flake-54",
        "flake-55": "flake-55",
        "flake-49": "flake-49",
        "flake-40": "flake-40",
        "flake-05": "flake-05",
        "flake-17": "flake-17",
        "flake-24": "flake-24",
        "flake-18": "flake-18",
        "flake-32": "flake-32",
        "flake-33": "flake-33"
      }
    }
  },
  "root": "root",
  "version": 7
}
