{
  "nodes": {
    "root": { "inputs": { "leaf-flake-2": "leaf-flake-2" } },
    "leaf-flake-2": {
      "inputs": {},
      "locked": { "narHash": "sha256-leaf-b-lock", "path": "./leaf-flake-2", "type": "path" },
      "original": { "path": "./leaf-flake-2", "type": "path" }
    }
  },
  "root": "root",
  "version": 7
}
