{
  "nodes": {
    "root": {
      "inputs": {
        "flake-02": "flake-02",
        "flake-20": "flake-20",
        "flake-09": "flake-09",
        "flake-14": "flake-14",
        "flake-21": "flake-21",
        "flake-35": "flake-35",
        "flake-12": "flake-12",
        "flake-06": "flake-06",
        "flake-11": "flake-11",
        "flake-08": "flake-08",
        "flake-34": "flake-34",
        "flake-04": "flake-04",
        "flake-13": "flake-13",
        "flake-39": "flake-39",
        "flake-58": "flake-58",
        "flake-37": "flake-37",
        "flake-38": "flake-38",
        "flake-10": "flake-10",
        "flake-19": "flake-19",
        "flake-15": "flake-15",
        "flake-16": "flake-16",
        "flake-25": "flake-25",
        "flake-31": "flake-31",
        "flake-23": "flake-23",
        "flake-26": "flake-26",
        "flake-27": "flake-27",
        "flake-29": "flake-29",
        "flake-28": "flake-28",
        "flake-30": "flake-30",
        "flake-22": "flake-22",
        "flake-07": "flake-07",
        "flake-44": "flake-44",
        "flake-43": "flake-43",
        "flake-41": "flake-41",
        "flake-45": "flake-45",
        "flake-42": "flake-42",
        "flake-52": "flake-52",
        "flake-51": "flake-51",
        "flake-48": "flake-48",
        "flake-47": "flake-47",
        "flake-50": "flake-50",
        "flake-46": "flake-46",
        "flake-36": "flake-36",
        "flake-57": "flake-57",
        "flake-56": "flake-56",
        "flake-53": "flake-53",
        "flake-54": "flake-54",
        "flake-55": "flake-55",
        "flake-49": "flake-49",
        "flake-40": "flake-40",
        "flake-05": "flake-05",
        "flake-17": "flake-17",
        "flake-24": "flake-24",
        "flake-18": "flake-18",
        "flake-32": "flake-32",
        "flake-33": "flake-33"
      }
    },
    "flake-02": {
      "inputs": {},
      "locked": {
        "lastModified": 1786700001,
        "narHash": "sha256-DRIFT-flake-02",
        "path": "../flakes-node-01/flakes-node-02/flake-02",
        "type": "path"
      },
      "original": {
        "path": "../flakes-node-01/flakes-node-02/flake-02",
        "type": "path"
      }
    },
    "flake-20": {
      "inputs": {},
      "locked": {
        "lastModified": 1786700002,
        "narHash": "sha256-p7kh4KNnZH+kdLjn31Xk82K8V0VVZOOVSStQsKvg6ZA=",
        "path": "../flakes-node-01/flakes-node-02/flake-20",
        "type": "path"
      },
      "original": {
        "path": "../flakes-node-01/flakes-node-02/flake-20",
        "type": "path"
      }
    },
    "flake-09": {
      "inputs": {},
      "locked": {
        "lastModified": 1786700003,
        "narHash": "sha256-31V9tv0YaoCSwLMkC8gp3PjZz6oNuQ8Iy9vM2wWEjlk=",
        "path": "../flakes-node-01/flakes-node-02/flake-09",
        "type": "path"
      },
      "original": {
        "path": "../flakes-node-01/flakes-node-02/flake-09",
        "type": "path"
      }
    },
    "flake-14": {
      "inputs": {},
      "locked": {
        "lastModified": 1786700004,
        "narHash": "sha256-Cf0p2XQrqz6o74Ym0fNfFfaP1heYa9HiJyMIe0xwnpw=",
        "path": "../flakes-node-01/flakes-node-02/flake-14",
        "type": "path"
      },
      "original": {
        "path": "../flakes-node-01/flakes-node-02/flake-14",
        "type": "path"
      }
    },
    "flake-21": {
      "inputs": {},
      "locked": {
        "lastModified": 1786700005,
        "narHash": "sha256-8xiPORB/U6NY8HYI2aRz0cihM0Brptu9LbDoCnKUYT8=",
        "path": "../flakes-node-01/flakes-node-02/flake-21",
        "type": "path"
      },
      "original": {
        "path": "../flakes-node-01/flakes-node-02/flake-21",
        "type": "path"
      }
    },
    "flake-35": {
      "inputs": {},
      "locked": {
        "lastModified": 1786700006,
        "narHash": "sha256-TyB4vLcZ2DRA5AYs28cDi3YEZAfqjJUS1hAX07UFR+Y=",
        "path": "../flakes-node-01/flakes-node-02/flake-03/flake-35",
        "type": "path"
      },
      "original": {
        "path": "../flakes-node-01/flakes-node-02/flake-03/flake-35",
        "type": "path"
      }
    },
    "flake-12": {
      "inputs": {},
      "locked": {
        "lastModified": 1786700007,
        "narHash": "sha256-n6Zd1NMcrkIsEBq6BUn61/mPXOLkFlhjmEEfto7pDy4=",
        "path": "../flakes-node-01/flakes-node-02/flake-12",
        "type": "path"
      },
      "original": {
        "path": "../flakes-node-01/flakes-node-02/flake-12",
        "type": "path"
      }
    },
    "flake-06": {
      "inputs": {},
      "locked": {
        "lastModified": 1786700008,
        "narHash": "sha256-W98MwG9ynPdKuNHMtMHC+T9Py5o2askKshMGairOqOM=",
        "path": "../flakes-node-01/flakes-node-02/flake-06",
        "type": "path"
      },
      "original": {
        "path": "../flakes-node-01/flakes-node-02/flake-06",
        "type": "path"
      }
    },
    "flake-11": {
      "inputs": {},
      "locked": {
        "lastModified": 1786700009,
        "narHash": "sha256-lm9edpHForG4Xc31HuFzU5/7m4/VdxPH/icJ/evptQc=",
        "path": "../flakes-node-01/flakes-node-02/flake-11",
        "type": "path"
      },
      "original": {
        "path": "../flakes-node-01/flakes-node-02/flake-11",
        "type": "path"
      }
    },
    "flake-08": {
      "inputs": {},
      "locked": {
        "lastModified": 1786700010,
        "narHash": "sha256-xoLgdp8p/4oWSA8nxCaxJMJwNbnm9dzfUXCWzKkg1tU=",
        "path": "../flakes-node-01/flakes-node-02/flake-08",
        "type": "path"
      },
      "original": {
        "path": "../flakes-node-01/flakes-node-02/flake-08",
        "type": "path"
      }
    },
    "flake-34": {
      "inputs": {},
      "locked": {
        "lastModified": 1786700011,
        "narHash": "sha256-7TFPh+N4REp3t7mSjUPkvTejnYfVEKlTNtCQ4pclg3Q=",
        "path": "../flakes-node-01/flakes-node-02/flake-03/flake-34",
        "type": "path"
      },
      "original": {
        "path": "../flakes-node-01/flakes-node-02/flake-03/flake-34",
        "type": "path"
      }
    },
    "flake-04": {
      "inputs": {},
      "locked": {
        "lastModified": 1786700012,
        "narHash": "sha256-DRIFT-flake-04",
        "path": "../flakes-node-01/flakes-node-02/flake-04",
        "type": "path"
      },
      "original": {
        "path": "../flakes-node-01/flakes-node-02/flake-04",
        "type": "path"
      }
    },
    "flake-13": {
      "inputs": {},
      "locked": {
        "lastModified": 1786700013,
        "narHash": "sha256-rf67owK0j9Y9M5dN4cszTaLqbwfVAt4n71B0nOR2I+M=",
        "path": "../flakes-node-01/flakes-node-02/flake-13",
        "type": "path"
      },
      "original": {
        "path": "../flakes-node-01/flakes-node-02/flake-13",
        "type": "path"
      }
    },
    "flake-39": {
      "inputs": {},
      "locked": {
        "lastModified": 1786700014,
        "narHash": "sha256-7BSrsdlXrwGTmL1941gSYWRusjYksXK4OtVNrGeeTrg=",
        "path": "../flakes-node-01/flakes-node-02/flakes-node-04/flake-39",
        "type": "path"
      },
      "original": {
        "path": "../flakes-node-01/flakes-node-02/flakes-node-04/flake-39",
        "type": "path"
      }
    },
    "flake-58": {
      "inputs": {},
      "locked": {
        "lastModified": 1786700015,
        "narHash": "sha256-7noMgRxV8dmCwSemRLIaCDaGJ8Hidk2x2vg1Zf06pNg=",
        "path": "../flakes-node-01/flakes-node-02/flakes-node-04/flakes-node-05/flake-58",
        "type": "path"
      },
      "original": {
        "path": "../flakes-node-01/flakes-node-02/flakes-node-04/flakes-node-05/flake-58",
        "type": "path"
      }
    },
    "flake-37": {
      "inputs": {},
      "locked": {
        "lastModified": 1786700016,
        "narHash": "sha256-eJe5ry2mBepB/4lA7HW0DBT/NwOzvTxEmoM7dlnvYW8=",
        "path": "../flakes-node-01/flakes-node-02/flakes-node-04/flake-37",
        "type": "path"
      },
      "original": {
        "path": "../flakes-node-01/flakes-node-02/flakes-node-04/flake-37",
        "type": "path"
      }
    },
    "flake-38": {
      "inputs": {},
      "locked": {
        "lastModified": 1786700017,
        "narHash": "sha256-ImlauvSY4fWeYaHtyLIuegmnfWSV8C0nauQJODlSzRg=",
        "path": "../flakes-node-01/flakes-node-02/flakes-node-04/flake-38",
        "type": "path"
      },
      "original": {
        "path": "../flakes-node-01/flakes-node-02/flakes-node-04/flake-38",
        "type": "path"
      }
    },
    "flake-10": {
      "inputs": {},
      "locked": {
        "lastModified": 1786700018,
        "narHash": "sha256-ylbXgDIaXxcxO/nq05zqOeAGZ10F2bxIhqmGj8qlU6o=",
        "path": "../flakes-node-01/flakes-node-02/flake-10",
        "type": "path"
      },
      "original": {
        "path": "../flakes-node-01/flakes-node-02/flake-10",
        "type": "path"
      }
    },
    "flake-19": {
      "inputs": {},
      "locked": {
        "lastModified": 1786700019,
        "narHash": "sha256-s2OJJ04HPrWXmcqJG7/CrJh0WSyfkp5BZ4oh0D40YT4=",
        "path": "../flakes-node-01/flakes-node-02/flake-19",
        "type": "path"
      },
      "original": {
        "path": "../flakes-node-01/flakes-node-02/flake-19",
        "type": "path"
      }
    },
    "flake-15": {
      "inputs": {},
      "locked": {
        "lastModified": 1786700020,
        "narHash": "sha256-OfdNzerCnhuienUblirdp65gcvxHTRhwbgnKmC28wu8=",
        "path": "../flakes-node-01/flakes-node-02/flake-15",
        "type": "path"
      },
      "original": {
        "path": "../flakes-node-01/flakes-node-02/flake-15",
        "type": "path"
      }
    },
    "flake-16": {
      "inputs": {},
      "locked": {
        "lastModified": 1786700021,
        "narHash": "sha256-ZbDknKBArmhO+XRSbwj2V/vwEAnqsoijj71d/ykDxSQ=",
        "path": "../flakes-node-01/flakes-node-02/flake-16",
        "type": "path"
      },
      "original": {
        "path": "../flakes-node-01/flakes-node-02/flake-16",
        "type": "path"
      }
    },
    "flake-25": {
      "inputs": {},
      "locked": {
        "lastModified": 1786700022,
        "narHash": "sha256-yRG9F/othmhXQq+r/huCOnHtXOTFzYUn7C4hiqMkcOM=",
        "path": "../flakes-node-01/flakes-node-15/flake-25",
        "type": "path"
      },
      "original": {
        "path": "../flakes-node-01/flakes-node-15/flake-25",
        "type": "path"
      }
    },
    "flake-31": {
      "inputs": {},
      "locked": {
        "lastModified": 1786700023,
        "narHash": "sha256-WT2aRld6BGhT8F7LTi3UzICBUqzvT84r2NDX5q6Ys2Y=",
        "path": "../flakes-node-01/flakes-node-15/flake-31",
        "type": "path"
      },
      "original": {
        "path": "../flakes-node-01/flakes-node-15/flake-31",
        "type": "path"
      }
    },
    "flake-23": {
      "inputs": {},
      "locked": {
        "lastModified": 1786700024,
        "narHash": "sha256-lqRt6zdtelWL9eYROLEM6kBqlN3Usc2DYwjQskn50hQ=",
        "path": "../flakes-node-01/flakes-node-15/flake-23",
        "type": "path"
      },
      "original": {
        "path": "../flakes-node-01/flakes-node-15/flake-23",
        "type": "path"
      }
    },
    "flake-26": {
      "inputs": {},
      "locked": {
        "lastModified": 1786700025,
        "narHash": "sha256-MYcqvmleyc9QsYORV/NZMHzD0bOn3+B8JCDBuapH1+A=",
        "path": "../flakes-node-01/flakes-node-15/flake-26",
        "type": "path"
      },
      "original": {
        "path": "../flakes-node-01/flakes-node-15/flake-26",
        "type": "path"
      }
    },
    "flake-27": {
      "inputs": {},
      "locked": {
        "lastModified": 1786700026,
        "narHash": "sha256-rqVKjK2nQ4U/0UVt0PPFm4q028dgxggvR9cjIYUY8dk=",
        "path": "../flakes-node-01/flakes-node-15/flake-27",
        "type": "path"
      },
      "original": {
        "path": "../flakes-node-01/flakes-node-15/flake-27",
        "type": "path"
      }
    },
    "flake-29": {
      "inputs": {},
      "locked": {
        "lastModified": 1786700027,
        "narHash": "sha256-rNGkQSnA1kcgdXB1Kz07occ1wenPrV54TJf+cid5CbA=",
        "path": "../flakes-node-01/flakes-node-15/flake-29",
        "type": "path"
      },
      "original": {
        "path": "../flakes-node-01/flakes-node-15/flake-29",
        "type": "path"
      }
    },
    "flake-28": {
      "inputs": {},
      "locked": {
        "lastModified": 1786700028,
        "narHash": "sha256-ryLZ1OYPiqT/q3s1ZeMSjsPaz8vFDqQUEWwhAaysk+I=",
        "path": "../flakes-node-01/flakes-node-15/flake-28",
        "type": "path"
      },
      "original": {
        "path": "../flakes-node-01/flakes-node-15/flake-28",
        "type": "path"
      }
    },
    "flake-30": {
      "inputs": {},
      "locked": {
        "lastModified": 1786700029,
        "narHash": "sha256-+hVDCjKMKE0Pk8xrazwa/vIBfa8s27s+O3jJA9C11Eo=",
        "path": "../flakes-node-01/flakes-node-15/flake-30",
        "type": "path"
      },
      "original": {
        "path": "../flakes-node-01/flakes-node-15/flake-30",
        "type": "path"
      }
    },
    "flake-22": {
      "inputs": {},
      "locked": {
        "lastModified": 1786700030,
        "narHash": "sha256-m8qqPmEMZ9O6FbomiBLO0kYmqZ7ER4YZKVTb6CNktL0=",
        "path": "../flakes-node-01/flakes-node-15/flake-22",
        "type": "path"
      },
      "original": {
        "path": "../flakes-node-01/flakes-node-15/flake-22",
        "type": "path"
      }
    },
    "flake-07": {
      "inputs": {},
      "locked": {
        "lastModified": 1786700031,
        "narHash": "sha256-Y4ZmHplnbUGKWNDkMPASSS6sNp01hws+MxldcSJaTPM=",
        "path": "../flakes-node-01/flakes-node-02/flake-07",
        "type": "path"
      },
      "original": {
        "path": "../flakes-node-01/flakes-node-02/flake-07",
        "type": "path"
      }
    },
    "flake-44": {
      "inputs": {},
      "locked": {
        "lastModified": 1786700032,
        "narHash": "sha256-L7S4aYNspr8oztD03Nh5SkTHaDIONkNb/FqzGqTsbso=",
        "path": "../flakes-node-01/flakes-node-02/flakes-node-07/flake-44",
        "type": "path"
      },
      "original": {
        "path": "../flakes-node-01/flakes-node-02/flakes-node-07/flake-44",
        "type": "path"
      }
    },
    "flake-43": {
      "inputs": {},
      "locked": {
        "lastModified": 1786700033,
        "narHash": "sha256-59360LOCouyNAKxma8OOeJNCc9e/USQx+fVfbsR08hA=",
        "path": "../flakes-node-01/flakes-node-02/flakes-node-07/flake-43",
        "type": "path"
      },
      "original": {
        "path": "../flakes-node-01/flakes-node-02/flakes-node-07/flake-43",
        "type": "path"
      }
    },
    "flake-41": {
      "inputs": {},
      "locked": {
        "lastModified": 1786700034,
        "narHash": "sha256-N4p4cQuo0iSgwGHUIDFY/QLFAMq45T6WTPeA++KdwUY=",
        "path": "../flakes-node-01/flakes-node-02/flakes-node-07/flake-41",
        "type": "path"
      },
      "original": {
        "path": "../flakes-node-01/flakes-node-02/flakes-node-07/flake-41",
        "type": "path"
      }
    },
    "flake-45": {
      "inputs": {},
      "locked": {
        "lastModified": 1786700035,
        "narHash": "sha256-yADMLC5otIMzYrbkCnBDqxGlXcqguoPcVjgfzDE54m0=",
        "path": "../flakes-node-01/flakes-node-02/flakes-node-07/flake-45",
        "type": "path"
      },
      "original": {
        "path": "../flakes-node-01/flakes-node-02/flakes-node-07/flake-45",
        "type": "path"
      }
    },
    "flake-42": {
      "inputs": {},
      "locked": {
        "lastModified": 1786700036,
        "narHash": "sha256-OpT9x3NtrYS9JBpHO/AM/alWlNVrNHu3jI0LZjEXcjA=",
        "path": "../flakes-node-01/flakes-node-02/flakes-node-07/flake-42",
        "type": "path"
      },
      "original": {
        "path": "../flakes-node-01/flakes-node-02/flakes-node-07/flake-42",
        "type": "path"
      }
    },
    "flake-52": {
      "inputs": {},
      "locked": {
        "lastModified": 1786700037,
        "narHash": "sha256-1Waibjh77755dQ7XNz5V+8l80PbiW6Hvi9x7f1o2BOc=",
        "path": "../flakes-node-01/flakes-node-02/flakes-node-13/flake-52",
        "type": "path"
      },
      "original": {
        "path": "../flakes-node-01/flakes-node-02/flakes-node-13/flake-52",
        "type": "path"
      }
    },
    "flake-51": {
      "inputs": {},
      "locked": {
        "lastModified": 1786700038,
        "narHash": "sha256-hq6Kj+2O/3UMZA7VFKE39nX56I5FJspsUGoXtbwxSc8=",
        "path": "../flakes-node-01/flakes-node-02/flakes-node-12/flake-51",
        "type": "path"
      },
      "original": {
        "path": "../flakes-node-01/flakes-node-02/flakes-node-12/flake-51",
        "type": "path"
      }
    },
    "flake-48": {
      "inputs": {},
      "locked": {
        "lastModified": 1786700039,
        "narHash": "sha256-vnkqkdgFRMg5UR2mjfzhZi2l+4SYGEma/qUkRjI7aag=",
        "path": "../flakes-node-01/flakes-node-02/flakes-node-09/flake-48",
        "type": "path"
      },
      "original": {
        "path": "../flakes-node-01/flakes-node-02/flakes-node-09/flake-48",
        "type": "path"
      }
    },
    "flake-47": {
      "inputs": {},
      "locked": {
        "lastModified": 1786700040,
        "narHash": "sha256-GYCetG31YnlPNkogV4qPGKyWQwcJvzC/TlMmK1V951I=",
        "path": "../flakes-node-01/flakes-node-02/flakes-node-09/flake-47",
        "type": "path"
      },
      "original": {
        "path": "../flakes-node-01/flakes-node-02/flakes-node-09/flake-47",
        "type": "path"
      }
    },
    "flake-50": {
      "inputs": {},
      "locked": {
        "lastModified": 1786700041,
        "narHash": "sha256-mVp32YQ57oaCVitXhaA7AnHNKSQZvUFHDkYGuyrHU5E=",
        "path": "../flakes-node-01/flakes-node-02/flakes-node-11/flake-50",
        "type": "path"
      },
      "original": {
        "path": "../flakes-node-01/flakes-node-02/flakes-node-11/flake-50",
        "type": "path"
      }
    },
    "flake-46": {
      "inputs": {},
      "locked": {
        "lastModified": 1786700042,
        "narHash": "sha256-WbJLZZAyYHwVfRUUeMXFW4dnX4+KmWKxLkdwa732A5E=",
        "path": "../flakes-node-01/flakes-node-02/flakes-node-08/flake-46",
        "type": "path"
      },
      "original": {
        "path": "../flakes-node-01/flakes-node-02/flakes-node-08/flake-46",
        "type": "path"
      }
    },
    "flake-36": {
      "inputs": {},
      "locked": {
        "lastModified": 1786700043,
        "narHash": "sha256-uaC0VhK9WYszjcvkjhP/hrpQIyHKzh+lQJEsUJuKyzE=",
        "path": "../flakes-node-01/flakes-node-02/flakes-node-03/flake-36",
        "type": "path"
      },
      "original": {
        "path": "../flakes-node-01/flakes-node-02/flakes-node-03/flake-36",
        "type": "path"
      }
    },
    "flake-57": {
      "inputs": {},
      "locked": {
        "lastModified": 1786700044,
        "narHash": "sha256-0LdR2n89B9DlBTwDvqELQ5TuFT1xykoXwM/so2O6Ds8=",
        "path": "../flakes-node-01/flakes-node-02/flakes-node-14/flake-57",
        "type": "path"
      },
      "original": {
        "path": "../flakes-node-01/flakes-node-02/flakes-node-14/flake-57",
        "type": "path"
      }
    },
    "flake-56": {
      "inputs": {},
      "locked": {
        "lastModified": 1786700045,
        "narHash": "sha256-UteDtKd1u1IxtIowyAytIV3IYogJrZJoYBeFm3bbo/8=",
        "path": "../flakes-node-01/flakes-node-02/flakes-node-14/flake-56",
        "type": "path"
      },
      "original": {
        "path": "../flakes-node-01/flakes-node-02/flakes-node-14/flake-56",
        "type": "path"
      }
    },
    "flake-53": {
      "inputs": {},
      "locked": {
        "lastModified": 1786700046,
        "narHash": "sha256-SIhzRGsgpIepPoqAJYq6M04BaAXynZLM6uMTzlFCUJM=",
        "path": "../flakes-node-01/flakes-node-02/flakes-node-14/flake-53",
        "type": "path"
      },
      "original": {
        "path": "../flakes-node-01/flakes-node-02/flakes-node-14/flake-53",
        "type": "path"
      }
    },
    "flake-54": {
      "inputs": {},
      "locked": {
        "lastModified": 1786700047,
        "narHash": "sha256-emj7bptn76RW2k9u/gUNurfUKXx+wg68ZfNhxasP3cg=",
        "path": "../flakes-node-01/flakes-node-02/flakes-node-14/flake-54",
        "type": "path"
      },
      "original": {
        "path": "../flakes-node-01/flakes-node-02/flakes-node-14/flake-54",
        "type": "path"
      }
    },
    "flake-55": {
      "inputs": {},
      "locked": {
        "lastModified": 1786700048,
        "narHash": "sha256-anLW+3rdy55E9m2J+KBb5n1msF2in2XllZeL+8d5g6Q=",
        "path": "../flakes-node-01/flakes-node-02/flakes-node-14/flake-55",
        "type": "path"
      },
      "original": {
        "path": "../flakes-node-01/flakes-node-02/flakes-node-14/flake-55",
        "type": "path"
      }
    },
    "flake-49": {
      "inputs": {},
      "locked": {
        "lastModified": 1786700049,
        "narHash": "sha256-8zX09eMDUec/5zLaOXSz/Fd8rKA/E9IMAP4FQzOa3EA=",
        "path": "../flakes-node-01/flakes-node-02/flakes-node-10/flake-49",
        "type": "path"
      },
      "original": {
        "path": "../flakes-node-01/flakes-node-02/flakes-node-10/flake-49",
        "type": "path"
      }
    },
    "flake-40": {
      "inputs": {},
      "locked": {
        "lastModified": 1786700050,
        "narHash": "sha256-JiEsoaXiZLkA8WigV9Rs1fwx08u928Vu2WNkjhvOZZo=",
        "path": "../flakes-node-01/flakes-node-02/flakes-node-06/flake-40",
        "type": "path"
      },
      "original": {
        "path": "../flakes-node-01/flakes-node-02/flakes-node-06/flake-40",
        "type": "path"
      }
    },
    "flake-05": {
      "inputs": {},
      "locked": {
        "lastModified": 1786700051,
        "narHash": "sha256-Tu5YF2h8PjbbyKcBTZrkX6FaUB+Jr4/Bez1couCY/34=",
        "path": "../flakes-node-01/flakes-node-02/flake-05",
        "type": "path"
      },
      "original": {
        "path": "../flakes-node-01/flakes-node-02/flake-05",
        "type": "path"
      }
    },
    "flake-17": {
      "inputs": {},
      "locked": {
        "lastModified": 1786700052,
        "narHash": "sha256-QcEzmEZfhD544XLhuyLh5rdLMrH2KgCtI8HWHMGGjZU=",
        "path": "../flakes-node-01/flakes-node-02/flake-17",
        "type": "path"
      },
      "original": {
        "path": "../flakes-node-01/flakes-node-02/flake-17",
        "type": "path"
      }
    },
    "flake-24": {
      "inputs": {},
      "locked": {
        "lastModified": 1786700053,
        "narHash": "sha256-UrDkMu6xE4taPEimqtW12JA6fim3TFGc8xGrHpdxWmk=",
        "path": "../flakes-node-01/flakes-node-15/flake-24",
        "type": "path"
      },
      "original": {
        "path": "../flakes-node-01/flakes-node-15/flake-24",
        "type": "path"
      }
    },
    "flake-18": {
      "inputs": {},
      "locked": {
        "lastModified": 1786700054,
        "narHash": "sha256-wY1KC5ahcpEu+KG3IIMDoUM9QcZaT69BFNybxLJv+lE=",
        "path": "../flakes-node-01/flakes-node-02/flake-18",
        "type": "path"
      },
      "original": {
        "path": "../flakes-node-01/flakes-node-02/flake-18",
        "type": "path"
      }
    },
    "flake-32": {
      "inputs": {},
      "locked": {
        "lastModified": 1786700055,
        "narHash": "sha256-MYOEnWFq9Sohn/QLG/K7LGd9WsYBZEFZNOxwQYJdXsU=",
        "path": "../flakes-node-01/flakes-node-02/flake-03/flake-32",
        "type": "path"
      },
      "original": {
        "path": "../flakes-node-01/flakes-node-02/flake-03/flake-32",
        "type": "path"
      }
    },
    "flake-33": {
      "inputs": {},
      "locked": {
        "lastModified": 1786700056,
        "narHash": "sha256-1FGIldXJG2iGjeKjviemLQf/+3O3V3ugbz5o6cHITTs=",
        "path": "../flakes-node-01/flakes-node-02/flake-03/flake-33",
        "type": "path"
      },
      "original": {
        "path": "../flakes-node-01/flakes-node-02/flake-03/flake-33",
        "type": "path"
      }
    }
  },
  "root": "root",
  "version": 7
}
